
Microsoft Visual Studio Solution File, Format Version 12.00
# Visual Studio Version 16
VisualStudioVersion = 16.0.810.9
MinimumVisualStudioVersion = 10.0.40219.1
Project("{FAE04EC0-301F-11D3-BF4B-00C04F79EFBC}") = "ProgrammingAssignment3", "ProgrammingAssignment3\ProgrammingAssignment3.csproj", "{B35610F5-E0D1-464E-A25E-C6B0337305F7}"
EndProject
Global
	GlobalSection(SolutionConfigurationPlatforms) = preSolution
		Debug|Any CPU = Debug|Any CPU
		Release|Any CPU = Release|Any CPU
	EndGlobalSection
	GlobalSection(ProjectConfigurationPlatforms) = postSolution
		{B35610F5-E0D1-464E-A25E-C6B0337305F7}.Debug|Any CPU.ActiveCfg = Debug|Any CPU
		{B35610F5-E0D1-464E-A25E-C6B0337305F7}.Debug|Any CPU.Build.0 = Debug|Any CPU
		{B35610F5-E0D1-464E-A25E-C6B0337305F7}.Release|Any CPU.ActiveCfg = Release|Any CPU
		{B35610F5-E0D1-464E-A25E-C6B0337305F7}.Release|Any CPU.Build.0 = Release|Any CPU
	EndGlobalSection
	GlobalSection(SolutionProperties) = preSolution
		HideSolutionNode = FALSE
	EndGlobalSection
	GlobalSection(ExtensibilityGlobals) = postSolution
		SolutionGuid = {5F7FCC74-32D8-4FEB-BC85-4303CD925EEA}
	EndGlobalSection
EndGlobal
